{
    "_readme": [
        "This file locks the dependencies of your project to a known state",
        "Read more about it at https://getcomposer.org/doc/01-basic-usage.md#installing-dependencies",
        "This file is @generated automatically"
    ],
    "content-hash": "91259c26f537dcd0c7d5ebabaf076733",
    "packages": [
        {
            "name": "eftec/bladeone",
            "version": "4.4.1",
            "source": {
                "type": "git",
                "url": "https://github.com/EFTEC/BladeOne.git",
                "reference": "9e85a95c7b2e7871ccf0bdf11331359c70186f1e"
            },
            "dist": {
                "type": "zip",
                "url": "https://api.github.com/repos/EFTEC/BladeOne/zipball/9e85a95c7b2e7871ccf0bdf11331359c70186f1e",
                "reference": "9e85a95c7b2e7871ccf0bdf11331359c70186f1e",
                "shasum": ""
            },
            "require": {
                "ext-json": "*",
                "php": ">=7.2.5"
            },
            "require-dev": {
                "phpunit/phpunit": "^8.0"
            },
            "suggest": {
                "eftec/bladeonehtml": "Extension to create forms",
                "ext-mbstring": "This extension is used if it's active"
            },
            "type": "library",
            "autoload": {
                "psr-4": {
                    "eftec\\bladeone\\": "lib/"
                }
            },
            "notification-url": "https://packagist.org/downloads/",
            "license": [
                "MIT"
            ],
            "authors": [
                {
                    "name": "Jorge Patricio Castro Castillo",
                    "email": "jcastro@eftec.cl"
                }
            ],
            "description": "The standalone version Blade Template Engine from Laravel in a single php file",
            "homepage": "https://github.com/EFTEC/BladeOne",
            "keywords": [
                "blade",
                "php",
                "template",
                "templating",
                "view"
            ],
            "support": {
                "issues": "https://github.com/EFTEC/BladeOne/issues",
                "source": "https://github.com/EFTEC/BladeOne/tree/4.4.1"
            },
            "time": "2022-02-06T22:07:26+00:00"
        },
        {
            "name": "masterpuffin/sql",
            "version": "dev-main",
            "source": {
                "type": "git",
                "url": "https://github.com/MasterPuffin/SQL.git",
                "reference": "a7d3d131d0af7eb6eb510d15cf3b0c54f2831d9f"
            },
            "dist": {
                "type": "zip",
                "url": "https://api.github.com/repos/MasterPuffin/SQL/zipball/a7d3d131d0af7eb6eb510d15cf3b0c54f2831d9f",
                "reference": "a7d3d131d0af7eb6eb510d15cf3b0c54f2831d9f",
                "shasum": ""
            },
            "require": {
                "ext-mysqli": "*",
                "php": ">=7.4"
            },
            "default-branch": true,
            "type": "library",
            "autoload": {
                "classmap": [
                    "src/SQL.php"
                ]
            },
            "notification-url": "https://packagist.org/downloads/",
            "license": [
                "MIT"
            ],
            "authors": [
                {
                    "name": "MasterPuffin",
                    "email": "git@pxmo.de"
                }
            ],
            "description": "SQL Tools",
            "support": {
                "issues": "https://github.com/MasterPuffin/SQL/issues",
                "source": "https://github.com/MasterPuffin/SQL/tree/main"
            },
            "time": "2022-02-10T14:01:33+00:00"
        }
    ],
    "packages-dev": [],
    "aliases": [],
    "minimum-stability": "dev",
    "stability-flags": {
        "masterpuffin/sql": 20
    },
    "prefer-stable": false,
    "prefer-lowest": false,
    "platform": [],
    "platform-dev": [],
    "plugin-api-version": "2.1.0"
}
