{
    "_readme": [
        "This file locks the dependencies of your project to a known state",
        "Read more about it at https://getcomposer.org/doc/01-basic-usage.md#installing-dependencies",
        "This file is @generated automatically"
    ],
    "content-hash": "ff32ffe2a07fd730fa2a6ef1cc793a87",
    "packages": [
        {
            "name": "masterpuffin/sql",
            "version": "dev-main",
            "source": {
                "type": "git",
                "url": "https://github.com/MasterPuffin/SQL.git",
                "reference": "a7d3d131d0af7eb6eb510d15cf3b0c54f2831d9f"
            },
            "dist": {
                "type": "zip",
                "url": "https://api.github.com/repos/MasterPuffin/SQL/zipball/a7d3d131d0af7eb6eb510d15cf3b0c54f2831d9f",
                "reference": "a7d3d131d0af7eb6eb510d15cf3b0c54f2831d9f",
                "shasum": ""
            },
            "require": {
                "ext-mysqli": "*",
                "php": ">=7.4"
            },
            "default-branch": true,
            "type": "library",
            "autoload": {
                "classmap": [
                    "src/SQL.php"
                ]
            },
            "notification-url": "https://packagist.org/downloads/",
            "license": [
                "MIT"
            ],
            "authors": [
                {
                    "name": "MasterPuffin",
                    "email": "git@pxmo.de"
                }
            ],
            "description": "SQL Tools",
            "support": {
                "issues": "https://github.com/MasterPuffin/SQL/issues",
                "source": "https://github.com/MasterPuffin/SQL/tree/main"
            },
            "time": "2022-02-10T14:01:33+00:00"
        },
        {
            "name": "smarty/smarty",
            "version": "v4.1.0",
            "source": {
                "type": "git",
                "url": "https://github.com/smarty-php/smarty.git",
                "reference": "9e0536de18b53ba193364291ef0303b0ab9903e1"
            },
            "dist": {
                "type": "zip",
                "url": "https://api.github.com/repos/smarty-php/smarty/zipball/9e0536de18b53ba193364291ef0303b0ab9903e1",
                "reference": "9e0536de18b53ba193364291ef0303b0ab9903e1",
                "shasum": ""
            },
            "require": {
                "php": "^7.1 || ^8.0"
            },
            "require-dev": {
                "phpunit/phpunit": "^8.5 || ^7.5",
                "smarty/smarty-lexer": "^3.1"
            },
            "type": "library",
            "extra": {
                "branch-alias": {
                    "dev-master": "4.0.x-dev"
                }
            },
            "autoload": {
                "classmap": [
                    "libs/"
                ]
            },
            "notification-url": "https://packagist.org/downloads/",
            "license": [
                "LGPL-3.0"
            ],
            "authors": [
                {
                    "name": "Monte Ohrt",
                    "email": "monte@ohrt.com"
                },
                {
                    "name": "Uwe Tews",
                    "email": "uwe.tews@googlemail.com"
                },
                {
                    "name": "Rodney Rehm",
                    "email": "rodney.rehm@medialize.de"
                },
                {
                    "name": "Simon Wisselink",
                    "homepage": "https://www.iwink.nl/"
                }
            ],
            "description": "Smarty - the compiling PHP template engine",
            "homepage": "https://smarty-php.github.io/smarty/",
            "keywords": [
                "templating"
            ],
            "support": {
                "forum": "https://github.com/smarty-php/smarty/discussions",
                "issues": "https://github.com/smarty-php/smarty/issues",
                "source": "https://github.com/smarty-php/smarty/tree/v4.1.0"
            },
            "time": "2022-02-06T20:34:27+00:00"
        }
    ],
    "packages-dev": [],
    "aliases": [],
    "minimum-stability": "dev",
    "stability-flags": {
        "masterpuffin/sql": 20
    },
    "prefer-stable": false,
    "prefer-lowest": false,
    "platform": [],
    "platform-dev": [],
    "plugin-api-version": "2.1.0"
}
