{
    "_readme": [
        "This file locks the dependencies of your project to a known state",
        "Read more about it at https://getcomposer.org/doc/01-basic-usage.md#installing-dependencies",
        "This file is @generated automatically"
    ],
    "content-hash": "68b273f90015b3573b22f6e9f64b803d",
    "packages": [
        {
            "name": "masterpuffin/sql",
            "version": "dev-main",
            "source": {
                "type": "git",
                "url": "https://github.com/MasterPuffin/SQL.git",
                "reference": "fb33a14643b196b81edff22a3c14658fd8dc3354"
            },
            "dist": {
                "type": "zip",
                "url": "https://api.github.com/repos/MasterPuffin/SQL/zipball/fb33a14643b196b81edff22a3c14658fd8dc3354",
                "reference": "fb33a14643b196b81edff22a3c14658fd8dc3354",
                "shasum": ""
            },
            "require": {
                "ext-mysqli": "*",
                "php": ">=7.4"
            },
            "default-branch": true,
            "type": "library",
            "autoload": {
                "classmap": [
                    "src/SQL.php"
                ]
            },
            "notification-url": "https://packagist.org/downloads/",
            "license": [
                "MIT"
            ],
            "authors": [
                {
                    "name": "MasterPuffin",
                    "email": "git@pxmo.de"
                }
            ],
            "description": "SQL Tools",
            "support": {
                "issues": "https://github.com/MasterPuffin/SQL/issues",
                "source": "https://github.com/MasterPuffin/SQL/tree/main"
            },
            "time": "2022-01-14T16:24:04+00:00"
        },
        {
            "name": "twbs/bootstrap",
            "version": "v5.1.3",
            "source": {
                "type": "git",
                "url": "https://github.com/twbs/bootstrap.git",
                "reference": "1a6fdfae6be09b09eaced8f0e442ca6f7680a61e"
            },
            "dist": {
                "type": "zip",
                "url": "https://api.github.com/repos/twbs/bootstrap/zipball/1a6fdfae6be09b09eaced8f0e442ca6f7680a61e",
                "reference": "1a6fdfae6be09b09eaced8f0e442ca6f7680a61e",
                "shasum": ""
            },
            "replace": {
                "twitter/bootstrap": "self.version"
            },
            "type": "library",
            "notification-url": "https://packagist.org/downloads/",
            "license": [
                "MIT"
            ],
            "authors": [
                {
                    "name": "Mark Otto",
                    "email": "markdotto@gmail.com"
                },
                {
                    "name": "Jacob Thornton",
                    "email": "jacobthornton@gmail.com"
                }
            ],
            "description": "The most popular front-end framework for developing responsive, mobile first projects on the web.",
            "homepage": "https://getbootstrap.com/",
            "keywords": [
                "JS",
                "css",
                "framework",
                "front-end",
                "mobile-first",
                "responsive",
                "sass",
                "web"
            ],
            "support": {
                "issues": "https://github.com/twbs/bootstrap/issues",
                "source": "https://github.com/twbs/bootstrap/tree/v5.1.3"
            },
            "time": "2021-10-09T06:43:19+00:00"
        }
    ],
    "packages-dev": [],
    "aliases": [],
    "minimum-stability": "dev",
    "stability-flags": {
        "masterpuffin/sql": 20
    },
    "prefer-stable": false,
    "prefer-lowest": false,
    "platform": [],
    "platform-dev": [],
    "plugin-api-version": "2.1.0"
}
