{
    "_readme": [
        "This file locks the dependencies of your project to a known state",
        "Read more about it at https://getcomposer.org/doc/01-basic-usage.md#installing-dependencies",
        "This file is @generated automatically"
    ],
    "content-hash": "10e5ab7f54af854d3c641211818069b9",
    "packages": [
        {
            "name": "masterpuffin/sql",
            "version": "dev-main",
            "source": {
                "type": "git",
                "url": "https://github.com/MasterPuffin/SQL.git",
                "reference": "a7d3d131d0af7eb6eb510d15cf3b0c54f2831d9f"
            },
            "dist": {
                "type": "zip",
                "url": "https://api.github.com/repos/MasterPuffin/SQL/zipball/a7d3d131d0af7eb6eb510d15cf3b0c54f2831d9f",
                "reference": "a7d3d131d0af7eb6eb510d15cf3b0c54f2831d9f",
                "shasum": ""
            },
            "require": {
                "ext-mysqli": "*",
                "php": ">=7.4"
            },
            "default-branch": true,
            "type": "library",
            "autoload": {
                "classmap": [
                    "src/SQL.php"
                ]
            },
            "notification-url": "https://packagist.org/downloads/",
            "license": [
                "MIT"
            ],
            "authors": [
                {
                    "name": "MasterPuffin",
                    "email": "git@pxmo.de"
                }
            ],
            "description": "SQL Tools",
            "support": {
                "issues": "https://github.com/MasterPuffin/SQL/issues",
                "source": "https://github.com/MasterPuffin/SQL/tree/main"
            },
            "time": "2022-02-10T14:01:33+00:00"
        }
    ],
    "packages-dev": [],
    "aliases": [],
    "minimum-stability": "dev",
    "stability-flags": {
        "masterpuffin/sql": 20
    },
    "prefer-stable": false,
    "prefer-lowest": false,
    "platform": [],
    "platform-dev": [],
    "plugin-api-version": "2.1.0"
}
